
Microsoft Visual Studio Solution File, Format Version 12.00
# Visual Studio Version 17
VisualStudioVersion = 17.11.35303.130
MinimumVisualStudioVersion = 10.0.40219.1
Project("{FAE04EC0-301F-11D3-BF4B-00C04F79EFBC}") = "TransactionDemoUI", "TransactionDemoUI.csproj", "{746E12C4-A1DA-4486-B495-EFA4458AA749}"
EndProject
Global
	GlobalSection(SolutionConfigurationPlatforms) = preSolution
		Debug|Any CPU = Debug|Any CPU
		Release|Any CPU = Release|Any CPU
	EndGlobalSection
	GlobalSection(ProjectConfigurationPlatforms) = postSolution
		{746E12C4-A1DA-4486-B495-EFA4458AA749}.Debug|Any CPU.ActiveCfg = Debug|Any CPU
		{746E12C4-A1DA-4486-B495-EFA4458AA749}.Debug|Any CPU.Build.0 = Debug|Any CPU
		{746E12C4-A1DA-4486-B495-EFA4458AA749}.Release|Any CPU.ActiveCfg = Release|Any CPU
		{746E12C4-A1DA-4486-B495-EFA4458AA749}.Release|Any CPU.Build.0 = Release|Any CPU
	EndGlobalSection
	GlobalSection(SolutionProperties) = preSolution
		HideSolutionNode = FALSE
	EndGlobalSection
	GlobalSection(ExtensibilityGlobals) = postSolution
		SolutionGuid = {AD07B29D-EB1C-42FE-ADF6-A0FAAF10DF75}
	EndGlobalSection
EndGlobal
